
Microsoft Visual Studio Solution File, Format Version 12.00
# Visual Studio Version 16
VisualStudioVersion = 16.0.32802.440
MinimumVisualStudioVersion = 10.0.40219.1
Project("{FAE04EC0-301F-11D3-BF4B-00C04F79EFBC}") = "Herencia", "Herencia.csproj", "{7E366D2E-D641-47D8-A863-F23E284D886C}"
EndProject
Global
	GlobalSection(SolutionConfigurationPlatforms) = preSolution
		Debug|Any CPU = Debug|Any CPU
		Release|Any CPU = Release|Any CPU
	EndGlobalSection
	GlobalSection(ProjectConfigurationPlatforms) = postSolution
		{7E366D2E-D641-47D8-A863-F23E284D886C}.Debug|Any CPU.ActiveCfg = Debug|Any CPU
		{7E366D2E-D641-47D8-A863-F23E284D886C}.Debug|Any CPU.Build.0 = Debug|Any CPU
		{7E366D2E-D641-47D8-A863-F23E284D886C}.Release|Any CPU.ActiveCfg = Release|Any CPU
		{7E366D2E-D641-47D8-A863-F23E284D886C}.Release|Any CPU.Build.0 = Release|Any CPU
	EndGlobalSection
	GlobalSection(SolutionProperties) = preSolution
		HideSolutionNode = FALSE
	EndGlobalSection
	GlobalSection(ExtensibilityGlobals) = postSolution
		SolutionGuid = {26CA75ED-4E33-4C51-8DEB-381D8A05F2E6}
	EndGlobalSection
EndGlobal
