
Microsoft Visual Studio Solution File, Format Version 12.00
# Visual Studio Version 16
VisualStudioVersion = 16.0.32802.440
MinimumVisualStudioVersion = 10.0.40219.1
Project("{FAE04EC0-301F-11D3-BF4B-00C04F79EFBC}") = "TiposDatosNuleables", "TiposDatosNuleables.csproj", "{EF028F2B-8ACC-42F3-B476-0913A5587DA7}"
EndProject
Global
	GlobalSection(SolutionConfigurationPlatforms) = preSolution
		Debug|Any CPU = Debug|Any CPU
		Release|Any CPU = Release|Any CPU
	EndGlobalSection
	GlobalSection(ProjectConfigurationPlatforms) = postSolution
		{EF028F2B-8ACC-42F3-B476-0913A5587DA7}.Debug|Any CPU.ActiveCfg = Debug|Any CPU
		{EF028F2B-8ACC-42F3-B476-0913A5587DA7}.Debug|Any CPU.Build.0 = Debug|Any CPU
		{EF028F2B-8ACC-42F3-B476-0913A5587DA7}.Release|Any CPU.ActiveCfg = Release|Any CPU
		{EF028F2B-8ACC-42F3-B476-0913A5587DA7}.Release|Any CPU.Build.0 = Release|Any CPU
	EndGlobalSection
	GlobalSection(SolutionProperties) = preSolution
		HideSolutionNode = FALSE
	EndGlobalSection
	GlobalSection(ExtensibilityGlobals) = postSolution
		SolutionGuid = {F1534541-DB3B-4008-A695-EBBB9E084FFA}
	EndGlobalSection
EndGlobal
